
Microsoft Visual Studio Solution File, Format Version 12.00
# Visual Studio Version 16
VisualStudioVersion = 16.0.31702.278
MinimumVisualStudioVersion = 10.0.40219.1
Project("{9A19103F-16F7-4668-BE54-9A1E7A4F7556}") = "Silnia", "ConsoleApp5\Silnia.csproj", "{BAF70E95-484A-47BA-86A3-00E20F38EBE5}"
EndProject
Global
	GlobalSection(SolutionConfigurationPlatforms) = preSolution
		Debug|Any CPU = Debug|Any CPU
		Release|Any CPU = Release|Any CPU
	EndGlobalSection
	GlobalSection(ProjectConfigurationPlatforms) = postSolution
		{BAF70E95-484A-47BA-86A3-00E20F38EBE5}.Debug|Any CPU.ActiveCfg = Debug|Any CPU
		{BAF70E95-484A-47BA-86A3-00E20F38EBE5}.Debug|Any CPU.Build.0 = Debug|Any CPU
		{BAF70E95-484A-47BA-86A3-00E20F38EBE5}.Release|Any CPU.ActiveCfg = Release|Any CPU
		{BAF70E95-484A-47BA-86A3-00E20F38EBE5}.Release|Any CPU.Build.0 = Release|Any CPU
	EndGlobalSection
	GlobalSection(SolutionProperties) = preSolution
		HideSolutionNode = FALSE
	EndGlobalSection
	GlobalSection(ExtensibilityGlobals) = postSolution
		SolutionGuid = {85CCB2A6-86CA-47B7-B69E-8F568453C500}
	EndGlobalSection
EndGlobal
